
Microsoft Visual Studio Solution File, Format Version 12.00
# Visual Studio Version 17
VisualStudioVersion = 17.14.36511.14 d17.14
MinimumVisualStudioVersion = 10.0.40219.1
Project("{FAE04EC0-301F-11D3-BF4B-00C04F79EFBC}") = "BoookingHotels", "BoookingHotels\BoookingHotels.csproj", "{4643CDB2-E480-4C22-B5FF-09306C223AFD}"
EndProject
Global
	GlobalSection(SolutionConfigurationPlatforms) = preSolution
		Debug|Any CPU = Debug|Any CPU
		Release|Any CPU = Release|Any CPU
	EndGlobalSection
	GlobalSection(ProjectConfigurationPlatforms) = postSolution
		{4643CDB2-E480-4C22-B5FF-09306C223AFD}.Debug|Any CPU.ActiveCfg = Debug|Any CPU
		{4643CDB2-E480-4C22-B5FF-09306C223AFD}.Debug|Any CPU.Build.0 = Debug|Any CPU
		{4643CDB2-E480-4C22-B5FF-09306C223AFD}.Release|Any CPU.ActiveCfg = Release|Any CPU
		{4643CDB2-E480-4C22-B5FF-09306C223AFD}.Release|Any CPU.Build.0 = Release|Any CPU
	EndGlobalSection
	GlobalSection(SolutionProperties) = preSolution
		HideSolutionNode = FALSE
	EndGlobalSection
	GlobalSection(ExtensibilityGlobals) = postSolution
		SolutionGuid = {49FFFA6B-DCDA-44B9-AF96-787E9DF6ABC9}
	EndGlobalSection
EndGlobal
